// !$*UTF8*$!
{
	archiveVersion = 1;
	classes = {
	};
	objectVersion = 56;
	objects = {

/* Begin PBXBuildFile section */
		2762B2152951AFF600E90A34 /* ToDoListItem+CoreDataClass.swift in Sources */ = {isa = PBXBuildFile; fileRef = 2762B2132951AFF600E90A34 /* ToDoListItem+CoreDataClass.swift */; };
		2762B2162951AFF600E90A34 /* ToDoListItem+CoreDataProperties.swift in Sources */ = {isa = PBXBuildFile; fileRef = 2762B2142951AFF600E90A34 /* ToDoListItem+CoreDataProperties.swift */; };
		2762B2192951B87200E90A34 /* CoreDataViewModel.swift in Sources */ = {isa = PBXBuildFile; fileRef = 2762B2182951B87200E90A34 /* CoreDataViewModel.swift */; };
		27898B182950644900FDD9B6 /* AppDelegate.swift in Sources */ = {isa = PBXBuildFile; fileRef = 27898B172950644900FDD9B6 /* AppDelegate.swift */; };
		27898B1A2950644900FDD9B6 /* SceneDelegate.swift in Sources */ = {isa = PBXBuildFile; fileRef = 27898B192950644900FDD9B6 /* SceneDelegate.swift */; };
		27898B1C2950644900FDD9B6 /* MainTabBarVC.swift in Sources */ = {isa = PBXBuildFile; fileRef = 27898B1B2950644900FDD9B6 /* MainTabBarVC.swift */; };
		27898B222950644900FDD9B6 /* ToDoList.xcdatamodeld in Sources */ = {isa = PBXBuildFile; fileRef = 27898B202950644900FDD9B6 /* ToDoList.xcdatamodeld */; };
		27898B242950644A00FDD9B6 /* Assets.xcassets in Resources */ = {isa = PBXBuildFile; fileRef = 27898B232950644A00FDD9B6 /* Assets.xcassets */; };
		27898B272950644A00FDD9B6 /* LaunchScreen.storyboard in Resources */ = {isa = PBXBuildFile; fileRef = 27898B252950644A00FDD9B6 /* LaunchScreen.storyboard */; };
		27898B302950674000FDD9B6 /* HomeScreenVC.swift in Sources */ = {isa = PBXBuildFile; fileRef = 27898B2F2950674000FDD9B6 /* HomeScreenVC.swift */; };
		27898B322950675C00FDD9B6 /* SortScreenVC.swift in Sources */ = {isa = PBXBuildFile; fileRef = 27898B312950675C00FDD9B6 /* SortScreenVC.swift */; };
		27898B3429506D3600FDD9B6 /* UIView+Ext.swift in Sources */ = {isa = PBXBuildFile; fileRef = 27898B3329506D3600FDD9B6 /* UIView+Ext.swift */; };
		27898B3729506DBC00FDD9B6 /* HomeSortScreenTableViewCell.swift in Sources */ = {isa = PBXBuildFile; fileRef = 27898B3629506DBC00FDD9B6 /* HomeSortScreenTableViewCell.swift */; };
		27C8A3032950AB4E0048A8FE /* TodoSheetVC.swift in Sources */ = {isa = PBXBuildFile; fileRef = 27C8A3022950AB4E0048A8FE /* TodoSheetVC.swift */; };
/* End PBXBuildFile section */

/* Begin PBXFileReference section */
		2762B2132951AFF600E90A34 /* ToDoListItem+CoreDataClass.swift */ = {isa = PBXFileReference; lastKnownFileType = sourcecode.swift; path = "ToDoListItem+CoreDataClass.swift"; sourceTree = "<group>"; };
		2762B2142951AFF600E90A34 /* ToDoListItem+CoreDataProperties.swift */ = {isa = PBXFileReference; lastKnownFileType = sourcecode.swift; path = "ToDoListItem+CoreDataProperties.swift"; sourceTree = "<group>"; };
		2762B2182951B87200E90A34 /* CoreDataViewModel.swift */ = {isa = PBXFileReference; lastKnownFileType = sourcecode.swift; path = CoreDataViewModel.swift; sourceTree = "<group>"; };
		27898B142950644900FDD9B6 /* ToDoList.app */ = {isa = PBXFileReference; explicitFileType = wrapper.application; includeInIndex = 0; path = ToDoList.app; sourceTree = BUILT_PRODUCTS_DIR; };
		27898B172950644900FDD9B6 /* AppDelegate.swift */ = {isa = PBXFileReference; lastKnownFileType = sourcecode.swift; path = AppDelegate.swift; sourceTree = "<group>"; };
		27898B192950644900FDD9B6 /* SceneDelegate.swift */ = {isa = PBXFileReference; lastKnownFileType = sourcecode.swift; path = SceneDelegate.swift; sourceTree = "<group>"; };
		27898B1B2950644900FDD9B6 /* MainTabBarVC.swift */ = {isa = PBXFileReference; lastKnownFileType = sourcecode.swift; path = MainTabBarVC.swift; sourceTree = "<group>"; };
		27898B212950644900FDD9B6 /* ToDoList.xcdatamodel */ = {isa = PBXFileReference; lastKnownFileType = wrapper.xcdatamodel; path = ToDoList.xcdatamodel; sourceTree = "<group>"; };
		27898B232950644A00FDD9B6 /* Assets.xcassets */ = {isa = PBXFileReference; lastKnownFileType = folder.assetcatalog; path = Assets.xcassets; sourceTree = "<group>"; };
		27898B262950644A00FDD9B6 /* Base */ = {isa = PBXFileReference; lastKnownFileType = file.storyboard; name = Base; path = Base.lproj/LaunchScreen.storyboard; sourceTree = "<group>"; };
		27898B282950644A00FDD9B6 /* Info.plist */ = {isa = PBXFileReference; lastKnownFileType = text.plist.xml; path = Info.plist; sourceTree = "<group>"; };
		27898B2F2950674000FDD9B6 /* HomeScreenVC.swift */ = {isa = PBXFileReference; lastKnownFileType = sourcecode.swift; path = HomeScreenVC.swift; sourceTree = "<group>"; };
		27898B312950675C00FDD9B6 /* SortScreenVC.swift */ = {isa = PBXFileReference; lastKnownFileType = sourcecode.swift; path = SortScreenVC.swift; sourceTree = "<group>"; };
		27898B3329506D3600FDD9B6 /* UIView+Ext.swift */ = {isa = PBXFileReference; lastKnownFileType = sourcecode.swift; path = "UIView+Ext.swift"; sourceTree = "<group>"; };
		27898B3629506DBC00FDD9B6 /* HomeSortScreenTableViewCell.swift */ = {isa = PBXFileReference; lastKnownFileType = sourcecode.swift; path = HomeSortScreenTableViewCell.swift; sourceTree = "<group>"; };
		27C8A3022950AB4E0048A8FE /* TodoSheetVC.swift */ = {isa = PBXFileReference; lastKnownFileType = sourcecode.swift; path = TodoSheetVC.swift; sourceTree = "<group>"; };
/* End PBXFileReference section */

/* Begin PBXFrameworksBuildPhase section */
		27898B112950644900FDD9B6 /* Frameworks */ = {
			isa = PBXFrameworksBuildPhase;
			buildActionMask = 2147483647;
			files = (
			);
			runOnlyForDeploymentPostprocessing = 0;
		};
/* End PBXFrameworksBuildPhase section */

/* Begin PBXGroup section */
		2762B2172951B00D00E90A34 /* ToDoListItem */ = {
			isa = PBXGroup;
			children = (
				2762B2142951AFF600E90A34 /* ToDoListItem+CoreDataProperties.swift */,
				2762B2132951AFF600E90A34 /* ToDoListItem+CoreDataClass.swift */,
			);
			path = ToDoListItem;
			sourceTree = "<group>";
		};
		27898B0B2950644900FDD9B6 = {
			isa = PBXGroup;
			children = (
				27898B162950644900FDD9B6 /* ToDoList */,
				27898B152950644900FDD9B6 /* Products */,
			);
			sourceTree = "<group>";
		};
		27898B152950644900FDD9B6 /* Products */ = {
			isa = PBXGroup;
			children = (
				27898B142950644900FDD9B6 /* ToDoList.app */,
			);
			name = Products;
			sourceTree = "<group>";
		};
		27898B162950644900FDD9B6 /* ToDoList */ = {
			isa = PBXGroup;
			children = (
				27898B2E2950672500FDD9B6 /* Controllers */,
				27EE202A2956024800EEBCAA /* View Model */,
				27898B3529506D9300FDD9B6 /* View */,
				27EE202B295602B000EEBCAA /* Helpers */,
				2762B2172951B00D00E90A34 /* ToDoListItem */,
				27898B172950644900FDD9B6 /* AppDelegate.swift */,
				27898B192950644900FDD9B6 /* SceneDelegate.swift */,
				27898B232950644A00FDD9B6 /* Assets.xcassets */,
				27898B252950644A00FDD9B6 /* LaunchScreen.storyboard */,
				27898B282950644A00FDD9B6 /* Info.plist */,
				27898B202950644900FDD9B6 /* ToDoList.xcdatamodeld */,
			);
			path = ToDoList;
			sourceTree = "<group>";
		};
		27898B2E2950672500FDD9B6 /* Controllers */ = {
			isa = PBXGroup;
			children = (
				27898B2F2950674000FDD9B6 /* HomeScreenVC.swift */,
				27898B312950675C00FDD9B6 /* SortScreenVC.swift */,
				27C8A3022950AB4E0048A8FE /* TodoSheetVC.swift */,
				27898B1B2950644900FDD9B6 /* MainTabBarVC.swift */,
			);
			path = Controllers;
			sourceTree = "<group>";
		};
		27898B3529506D9300FDD9B6 /* View */ = {
			isa = PBXGroup;
			children = (
				27898B3629506DBC00FDD9B6 /* HomeSortScreenTableViewCell.swift */,
			);
			path = View;
			sourceTree = "<group>";
		};
		27EE202A2956024800EEBCAA /* View Model */ = {
			isa = PBXGroup;
			children = (
				2762B2182951B87200E90A34 /* CoreDataViewModel.swift */,
			);
			path = "View Model";
			sourceTree = "<group>";
		};
		27EE202B295602B000EEBCAA /* Helpers */ = {
			isa = PBXGroup;
			children = (
				27898B3329506D3600FDD9B6 /* UIView+Ext.swift */,
			);
			path = Helpers;
			sourceTree = "<group>";
		};
/* End PBXGroup section */

/* Begin PBXNativeTarget section */
		27898B132950644900FDD9B6 /* ToDoList */ = {
			isa = PBXNativeTarget;
			buildConfigurationList = 27898B2B2950644A00FDD9B6 /* Build configuration list for PBXNativeTarget "ToDoList" */;
			buildPhases = (
				27898B102950644900FDD9B6 /* Sources */,
				27898B112950644900FDD9B6 /* Frameworks */,
				27898B122950644900FDD9B6 /* Resources */,
			);
			buildRules = (
			);
			dependencies = (
			);
			name = ToDoList;
			productName = ToDoList;
			productReference = 27898B142950644900FDD9B6 /* ToDoList.app */;
			productType = "com.apple.product-type.application";
		};
/* End PBXNativeTarget section */

/* Begin PBXProject section */
		27898B0C2950644900FDD9B6 /* Project object */ = {
			isa = PBXProject;
			attributes = {
				BuildIndependentTargetsInParallel = 1;
				LastSwiftUpdateCheck = 1410;
				LastUpgradeCheck = 1410;
				TargetAttributes = {
					27898B132950644900FDD9B6 = {
						CreatedOnToolsVersion = 14.1;
					};
				};
			};
			buildConfigurationList = 27898B0F2950644900FDD9B6 /* Build configuration list for PBXProject "ToDoList" */;
			compatibilityVersion = "Xcode 14.0";
			developmentRegion = en;
			hasScannedForEncodings = 0;
			knownRegions = (
				en,
				Base,
			);
			mainGroup = 27898B0B2950644900FDD9B6;
			productRefGroup = 27898B152950644900FDD9B6 /* Products */;
			projectDirPath = "";
			projectRoot = "";
			targets = (
				27898B132950644900FDD9B6 /* ToDoList */,
			);
		};
/* End PBXProject section */

/* Begin PBXResourcesBuildPhase section */
		27898B122950644900FDD9B6 /* Resources */ = {
			isa = PBXResourcesBuildPhase;
			buildActionMask = 2147483647;
			files = (
				27898B272950644A00FDD9B6 /* LaunchScreen.storyboard in Resources */,
				27898B242950644A00FDD9B6 /* Assets.xcassets in Resources */,
			);
			runOnlyForDeploymentPostprocessing = 0;
		};
/* End PBXResourcesBuildPhase section */

/* Begin PBXSourcesBuildPhase section */
		27898B102950644900FDD9B6 /* Sources */ = {
			isa = PBXSourcesBuildPhase;
			buildActionMask = 2147483647;
			files = (
				2762B2152951AFF600E90A34 /* ToDoListItem+CoreDataClass.swift in Sources */,
				27C8A3032950AB4E0048A8FE /* TodoSheetVC.swift in Sources */,
				27898B1C2950644900FDD9B6 /* MainTabBarVC.swift in Sources */,
				27898B182950644900FDD9B6 /* AppDelegate.swift in Sources */,
				2762B2162951AFF600E90A34 /* ToDoListItem+CoreDataProperties.swift in Sources */,
				2762B2192951B87200E90A34 /* CoreDataViewModel.swift in Sources */,
				27898B322950675C00FDD9B6 /* SortScreenVC.swift in Sources */,
				27898B1A2950644900FDD9B6 /* SceneDelegate.swift in Sources */,
				27898B3729506DBC00FDD9B6 /* HomeSortScreenTableViewCell.swift in Sources */,
				27898B3429506D3600FDD9B6 /* UIView+Ext.swift in Sources */,
				27898B302950674000FDD9B6 /* HomeScreenVC.swift in Sources */,
				27898B222950644900FDD9B6 /* ToDoList.xcdatamodeld in Sources */,
			);
			runOnlyForDeploymentPostprocessing = 0;
		};
/* End PBXSourcesBuildPhase section */

/* Begin PBXVariantGroup section */
		27898B252950644A00FDD9B6 /* LaunchScreen.storyboard */ = {
			isa = PBXVariantGroup;
			children = (
				27898B262950644A00FDD9B6 /* Base */,
			);
			name = LaunchScreen.storyboard;
			sourceTree = "<group>";
		};
/* End PBXVariantGroup section */

/* Begin XCBuildConfiguration section */
		27898B292950644A00FDD9B6 /* Debug */ = {
			isa = XCBuildConfiguration;
			buildSettings = {
				ALWAYS_SEARCH_USER_PATHS = NO;
				CLANG_ANALYZER_NONNULL = YES;
				CLANG_ANALYZER_NUMBER_OBJECT_CONVERSION = YES_AGGRESSIVE;
				CLANG_CXX_LANGUAGE_STANDARD = "gnu++20";
				CLANG_ENABLE_MODULES = YES;
				CLANG_ENABLE_OBJC_ARC = YES;
				CLANG_ENABLE_OBJC_WEAK = YES;
				CLANG_WARN_BLOCK_CAPTURE_AUTORELEASING = YES;
				CLANG_WARN_BOOL_CONVERSION = YES;
				CLANG_WARN_COMMA = YES;
				CLANG_WARN_CONSTANT_CONVERSION = YES;
				CLANG_WARN_DEPRECATED_OBJC_IMPLEMENTATIONS = YES;
				CLANG_WARN_DIRECT_OBJC_ISA_USAGE = YES_ERROR;
				CLANG_WARN_DOCUMENTATION_COMMENTS = YES;
				CLANG_WARN_EMPTY_BODY = YES;
				CLANG_WARN_ENUM_CONVERSION = YES;
				CLANG_WARN_INFINITE_RECURSION = YES;
				CLANG_WARN_INT_CONVERSION = YES;
				CLANG_WARN_NON_LITERAL_NULL_CONVERSION = YES;
				CLANG_WARN_OBJC_IMPLICIT_RETAIN_SELF = YES;
				CLANG_WARN_OBJC_LITERAL_CONVERSION = YES;
				CLANG_WARN_OBJC_ROOT_CLASS = YES_ERROR;
				CLANG_WARN_QUOTED_INCLUDE_IN_FRAMEWORK_HEADER = YES;
				CLANG_WARN_RANGE_LOOP_ANALYSIS = YES;
				CLANG_WARN_STRICT_PROTOTYPES = YES;
				CLANG_WARN_SUSPICIOUS_MOVE = YES;
				CLANG_WARN_UNGUARDED_AVAILABILITY = YES_AGGRESSIVE;
				CLANG_WARN_UNREACHABLE_CODE = YES;
				CLANG_WARN__DUPLICATE_METHOD_MATCH = YES;
				COPY_PHASE_STRIP = NO;
				DEBUG_INFORMATION_FORMAT = dwarf;
				ENABLE_STRICT_OBJC_MSGSEND = YES;
				ENABLE_TESTABILITY = YES;
				GCC_C_LANGUAGE_STANDARD = gnu11;
				GCC_DYNAMIC_NO_PIC = NO;
				GCC_NO_COMMON_BLOCKS = YES;
				GCC_OPTIMIZATION_LEVEL = 0;
				GCC_PREPROCESSOR_DEFINITIONS = (
					"DEBUG=1",
					"$(inherited)",
				);
				GCC_WARN_64_TO_32_BIT_CONVERSION = YES;
				GCC_WARN_ABOUT_RETURN_TYPE = YES_ERROR;
				GCC_WARN_UNDECLARED_SELECTOR = YES;
				GCC_WARN_UNINITIALIZED_AUTOS = YES_AGGRESSIVE;
				GCC_WARN_UNUSED_FUNCTION = YES;
				GCC_WARN_UNUSED_VARIABLE = YES;
				IPHONEOS_DEPLOYMENT_TARGET = 16.1;
				MTL_ENABLE_DEBUG_INFO = INCLUDE_SOURCE;
				MTL_FAST_MATH = YES;
				ONLY_ACTIVE_ARCH = YES;
				SDKROOT = iphoneos;
				SWIFT_ACTIVE_COMPILATION_CONDITIONS = DEBUG;
				SWIFT_OPTIMIZATION_LEVEL = "-Onone";
			};
			name = Debug;
		};
		27898B2A2950644A00FDD9B6 /* Release */ = {
			isa = XCBuildConfiguration;
			buildSettings = {
				ALWAYS_SEARCH_USER_PATHS = NO;
				CLANG_ANALYZER_NONNULL = YES;
				CLANG_ANALYZER_NUMBER_OBJECT_CONVERSION = YES_AGGRESSIVE;
				CLANG_CXX_LANGUAGE_STANDARD = "gnu++20";
				CLANG_ENABLE_MODULES = YES;
				CLANG_ENABLE_OBJC_ARC = YES;
				CLANG_ENABLE_OBJC_WEAK = YES;
				CLANG_WARN_BLOCK_CAPTURE_AUTORELEASING = YES;
				CLANG_WARN_BOOL_CONVERSION = YES;
				CLANG_WARN_COMMA = YES;
				CLANG_WARN_CONSTANT_CONVERSION = YES;
				CLANG_WARN_DEPRECATED_OBJC_IMPLEMENTATIONS = YES;
				CLANG_WARN_DIRECT_OBJC_ISA_USAGE = YES_ERROR;
				CLANG_WARN_DOCUMENTATION_COMMENTS = YES;
				CLANG_WARN_EMPTY_BODY = YES;
				CLANG_WARN_ENUM_CONVERSION = YES;
				CLANG_WARN_INFINITE_RECURSION = YES;
				CLANG_WARN_INT_CONVERSION = YES;
				CLANG_WARN_NON_LITERAL_NULL_CONVERSION = YES;
				CLANG_WARN_OBJC_IMPLICIT_RETAIN_SELF = YES;
				CLANG_WARN_OBJC_LITERAL_CONVERSION = YES;
				CLANG_WARN_OBJC_ROOT_CLASS = YES_ERROR;
				CLANG_WARN_QUOTED_INCLUDE_IN_FRAMEWORK_HEADER = YES;
				CLANG_WARN_RANGE_LOOP_ANALYSIS = YES;
				CLANG_WARN_STRICT_PROTOTYPES = YES;
				CLANG_WARN_SUSPICIOUS_MOVE = YES;
				CLANG_WARN_UNGUARDED_AVAILABILITY = YES_AGGRESSIVE;
				CLANG_WARN_UNREACHABLE_CODE = YES;
				CLANG_WARN__DUPLICATE_METHOD_MATCH = YES;
				COPY_PHASE_STRIP = NO;
				DEBUG_INFORMATION_FORMAT = "dwarf-with-dsym";
				ENABLE_NS_ASSERTIONS = NO;
				ENABLE_STRICT_OBJC_MSGSEND = YES;
				GCC_C_LANGUAGE_STANDARD = gnu11;
				GCC_NO_COMMON_BLOCKS = YES;
				GCC_WARN_64_TO_32_BIT_CONVERSION = YES;
				GCC_WARN_ABOUT_RETURN_TYPE = YES_ERROR;
				GCC_WARN_UNDECLARED_SELECTOR = YES;
				GCC_WARN_UNINITIALIZED_AUTOS = YES_AGGRESSIVE;
				GCC_WARN_UNUSED_FUNCTION = YES;
				GCC_WARN_UNUSED_VARIABLE = YES;
				IPHONEOS_DEPLOYMENT_TARGET = 16.1;
				MTL_ENABLE_DEBUG_INFO = NO;
				MTL_FAST_MATH = YES;
				SDKROOT = iphoneos;
				SWIFT_COMPILATION_MODE = wholemodule;
				SWIFT_OPTIMIZATION_LEVEL = "-O";
				VALIDATE_PRODUCT = YES;
			};
			name = Release;
		};
		27898B2C2950644A00FDD9B6 /* Debug */ = {
			isa = XCBuildConfiguration;
			buildSettings = {
				ASSETCATALOG_COMPILER_APPICON_NAME = AppIcon;
				ASSETCATALOG_COMPILER_GLOBAL_ACCENT_COLOR_NAME = AccentColor;
				CODE_SIGN_STYLE = Automatic;
				CURRENT_PROJECT_VERSION = 1;
				GENERATE_INFOPLIST_FILE = YES;
				INFOPLIST_FILE = ToDoList/Info.plist;
				INFOPLIST_KEY_UIApplicationSupportsIndirectInputEvents = YES;
				INFOPLIST_KEY_UILaunchStoryboardName = LaunchScreen;
				INFOPLIST_KEY_UISupportedInterfaceOrientations_iPad = "UIInterfaceOrientationPortrait UIInterfaceOrientationPortraitUpsideDown UIInterfaceOrientationLandscapeLeft UIInterfaceOrientationLandscapeRight";
				INFOPLIST_KEY_UISupportedInterfaceOrientations_iPhone = "UIInterfaceOrientationPortrait UIInterfaceOrientationLandscapeLeft UIInterfaceOrientationLandscapeRight";
				LD_RUNPATH_SEARCH_PATHS = (
					"$(inherited)",
					"@executable_path/Frameworks",
				);
				MARKETING_VERSION = 1.0;
				PRODUCT_BUNDLE_IDENTIFIER = com.omer.ToDoList;
				PRODUCT_NAME = "$(TARGET_NAME)";
				SWIFT_EMIT_LOC_STRINGS = YES;
				SWIFT_VERSION = 5.0;
				TARGETED_DEVICE_FAMILY = "1,2";
			};
			name = Debug;
		};
		27898B2D2950644A00FDD9B6 /* Release */ = {
			isa = XCBuildConfiguration;
			buildSettings = {
				ASSETCATALOG_COMPILER_APPICON_NAME = AppIcon;
				ASSETCATALOG_COMPILER_GLOBAL_ACCENT_COLOR_NAME = AccentColor;
				CODE_SIGN_STYLE = Automatic;
				CURRENT_PROJECT_VERSION = 1;
				GENERATE_INFOPLIST_FILE = YES;
				INFOPLIST_FILE = ToDoList/Info.plist;
				INFOPLIST_KEY_UIApplicationSupportsIndirectInputEvents = YES;
				INFOPLIST_KEY_UILaunchStoryboardName = LaunchScreen;
				INFOPLIST_KEY_UISupportedInterfaceOrientations_iPad = "UIInterfaceOrientationPortrait UIInterfaceOrientationPortraitUpsideDown UIInterfaceOrientationLandscapeLeft UIInterfaceOrientationLandscapeRight";
				INFOPLIST_KEY_UISupportedInterfaceOrientations_iPhone = "UIInterfaceOrientationPortrait UIInterfaceOrientationLandscapeLeft UIInterfaceOrientationLandscapeRight";
				LD_RUNPATH_SEARCH_PATHS = (
					"$(inherited)",
					"@executable_path/Frameworks",
				);
				MARKETING_VERSION = 1.0;
				PRODUCT_BUNDLE_IDENTIFIER = com.omer.ToDoList;
				PRODUCT_NAME = "$(TARGET_NAME)";
				SWIFT_EMIT_LOC_STRINGS = YES;
				SWIFT_VERSION = 5.0;
				TARGETED_DEVICE_FAMILY = "1,2";
			};
			name = Release;
		};
/* End XCBuildConfiguration section */

/* Begin XCConfigurationList section */
		27898B0F2950644900FDD9B6 /* Build configuration list for PBXProject "ToDoList" */ = {
			isa = XCConfigurationList;
			buildConfigurations = (
				27898B292950644A00FDD9B6 /* Debug */,
				27898B2A2950644A00FDD9B6 /* Release */,
			);
			defaultConfigurationIsVisible = 0;
			defaultConfigurationName = Release;
		};
		27898B2B2950644A00FDD9B6 /* Build configuration list for PBXNativeTarget "ToDoList" */ = {
			isa = XCConfigurationList;
			buildConfigurations = (
				27898B2C2950644A00FDD9B6 /* Debug */,
				27898B2D2950644A00FDD9B6 /* Release */,
			);
			defaultConfigurationIsVisible = 0;
			defaultConfigurationName = Release;
		};
/* End XCConfigurationList section */

/* Begin XCVersionGroup section */
		27898B202950644900FDD9B6 /* ToDoList.xcdatamodeld */ = {
			isa = XCVersionGroup;
			children = (
				27898B212950644900FDD9B6 /* ToDoList.xcdatamodel */,
			);
			currentVersion = 27898B212950644900FDD9B6 /* ToDoList.xcdatamodel */;
			path = ToDoList.xcdatamodeld;
			sourceTree = "<group>";
			versionGroupType = wrapper.xcdatamodel;
		};
/* End XCVersionGroup section */
	};
	rootObject = 27898B0C2950644900FDD9B6 /* Project object */;
}
